// !$*UTF8*$!
{
	archiveVersion = 1;
	classes = {
	};
	objectVersion = 46;
	objects = {

/* Begin PBXBuildFile section */
		520008B119DBFFE800B4696F /* action_bar_background.png in Resources */ = {isa = PBXBuildFile; fileRef = 520008B019DBFFE800B4696F /* action_bar_background.png */; };
		5211E71119DC058700E0AB41 /* CommonViews.m in Sources */ = {isa = PBXBuildFile; fileRef = 5211E71019DC058700E0AB41 /* CommonViews.m */; };
		5211E71819DC0B1900E0AB41 /* local_songs.json in Resources */ = {isa = PBXBuildFile; fileRef = 5211E71719DC0B1900E0AB41 /* local_songs.json */; };
		5211E71E19DC0BFD00E0AB41 /* Utils.m in Sources */ = {isa = PBXBuildFile; fileRef = 5211E71D19DC0BFD00E0AB41 /* Utils.m */; };
		5211E72419DC0E2F00E0AB41 /* activity_background.png in Resources */ = {isa = PBXBuildFile; fileRef = 5211E72319DC0E2F00E0AB41 /* activity_background.png */; };
		5211E72A19DC13E700E0AB41 /* CustomUITextField.m in Sources */ = {isa = PBXBuildFile; fileRef = 5211E72919DC13E700E0AB41 /* CustomUITextField.m */; };
		5211E72F19DC1CC600E0AB41 /* button_normal.png in Resources */ = {isa = PBXBuildFile; fileRef = 5211E72D19DC1CC500E0AB41 /* button_normal.png */; };
		5211E73019DC1CC600E0AB41 /* button_pressed.png in Resources */ = {isa = PBXBuildFile; fileRef = 5211E72E19DC1CC600E0AB41 /* button_pressed.png */; };
		5211E73519DC245400E0AB41 /* AVFoundation.framework in Frameworks */ = {isa = PBXBuildFile; fileRef = 5211E73419DC245300E0AB41 /* AVFoundation.framework */; };
		5211E73719DC257600E0AB41 /* CoreFoundation.framework in Frameworks */ = {isa = PBXBuildFile; fileRef = 5211E73619DC257600E0AB41 /* CoreFoundation.framework */; };
		5211E73B19DC324C00E0AB41 /* CoreData.framework in Frameworks */ = {isa = PBXBuildFile; fileRef = 5211E73A19DC324B00E0AB41 /* CoreData.framework */; };
		5211E73D19DC34EC00E0AB41 /* JSONKit.m in Sources */ = {isa = PBXBuildFile; fileRef = 5211E72119DC0CD700E0AB41 /* JSONKit.m */; settings = {COMPILER_FLAGS = "-fno-objc-arc"; }; };
		5211E73E19DC37B200E0AB41 /* TPKeyBoardAvoidingScrollView.m in Sources */ = {isa = PBXBuildFile; fileRef = 5211E72619DC106700E0AB41 /* TPKeyBoardAvoidingScrollView.m */; settings = {COMPILER_FLAGS = "-fno-objc-arc"; }; };
		5211E74119DC393B00E0AB41 /* UIScrollView+TPKeyboardAvoidingAdditions.m in Sources */ = {isa = PBXBuildFile; fileRef = 5211E74019DC393A00E0AB41 /* UIScrollView+TPKeyboardAvoidingAdditions.m */; settings = {COMPILER_FLAGS = "-fno-objc-arc"; }; };
		5211E74519DC48E600E0AB41 /* CustomKeyboard.m in Sources */ = {isa = PBXBuildFile; fileRef = 5211E74419DC48E600E0AB41 /* CustomKeyboard.m */; settings = {COMPILER_FLAGS = "-fno-objc-arc"; }; };
		525985D619DBEDAD0095EAD3 /* MainViewController.m in Sources */ = {isa = PBXBuildFile; fileRef = 525985D519DBEDAC0095EAD3 /* MainViewController.m */; };
		5266CFD919E11D7300F1FEC8 /* logoImage.png in Resources */ = {isa = PBXBuildFile; fileRef = 5266CFD819E11D7300F1FEC8 /* logoImage.png */; };
		5266CFDB19E11D9800F1FEC8 /* icon.png in Resources */ = {isa = PBXBuildFile; fileRef = 5266CFDA19E11D9800F1FEC8 /* icon.png */; };
		5266CFDD19E11DA300F1FEC8 /* iconRetina.png in Resources */ = {isa = PBXBuildFile; fileRef = 5266CFDC19E11DA300F1FEC8 /* iconRetina.png */; };
		529B1A3419E093890025037F /* SongsRequestHandler.m in Sources */ = {isa = PBXBuildFile; fileRef = 529B1A3319E093890025037F /* SongsRequestHandler.m */; };
		529B547619DC536B00A88282 /* searchIcon.png in Resources */ = {isa = PBXBuildFile; fileRef = 529B547519DC536B00A88282 /* searchIcon.png */; };
		529B547919DC906D00A88282 /* SongViewController.m in Sources */ = {isa = PBXBuildFile; fileRef = 529B547819DC906C00A88282 /* SongViewController.m */; };
		529BA6C719DD29D300DF11E9 /* title_bar_arrow.png in Resources */ = {isa = PBXBuildFile; fileRef = 529BA6C619DD29D300DF11E9 /* title_bar_arrow.png */; };
		529BA6C919DD2ACD00DF11E9 /* title_bar_bg.png in Resources */ = {isa = PBXBuildFile; fileRef = 529BA6C819DD2ACD00DF11E9 /* title_bar_bg.png */; };
		529BA6CD19DD4C3900DF11E9 /* pause.png in Resources */ = {isa = PBXBuildFile; fileRef = 529BA6CA19DD4C3500DF11E9 /* pause.png */; };
		529BA6CE19DD4C3900DF11E9 /* play_audio.png in Resources */ = {isa = PBXBuildFile; fileRef = 529BA6CB19DD4C3600DF11E9 /* play_audio.png */; };
		529BA6CF19DD4C3900DF11E9 /* stop.png in Resources */ = {isa = PBXBuildFile; fileRef = 529BA6CC19DD4C3700DF11E9 /* stop.png */; };
		529BA6D419DD573F00DF11E9 /* MBProgressHUD.m in Sources */ = {isa = PBXBuildFile; fileRef = 529BA6D319DD573E00DF11E9 /* MBProgressHUD.m */; };
		529BA6D819DD65CB00DF11E9 /* video.png in Resources */ = {isa = PBXBuildFile; fileRef = 529BA6D719DD65CA00DF11E9 /* video.png */; };
		529BA6DA19DD66E800DF11E9 /* pressed.png in Resources */ = {isa = PBXBuildFile; fileRef = 529BA6D919DD66E700DF11E9 /* pressed.png */; };
		529BA6DD19DD6A7900DF11E9 /* song_1.mp3 in Resources */ = {isa = PBXBuildFile; fileRef = 529BA6DC19DD6A7900DF11E9 /* song_1.mp3 */; };
		529BA6DF19DD716F00DF11E9 /* song_video_1.mp4 in Resources */ = {isa = PBXBuildFile; fileRef = 529BA6DE19DD716F00DF11E9 /* song_video_1.mp4 */; };
		529BA6E119DD741400DF11E9 /* MediaPlayer.framework in Frameworks */ = {isa = PBXBuildFile; fileRef = 529BA6E019DD741200DF11E9 /* MediaPlayer.framework */; };
		52C3366419DB640F00286264 /* UIKit.framework in Frameworks */ = {isa = PBXBuildFile; fileRef = 52C3366319DB640D00286264 /* UIKit.framework */; };
		52C3366619DB640F00286264 /* Foundation.framework in Frameworks */ = {isa = PBXBuildFile; fileRef = 52C3366519DB640F00286264 /* Foundation.framework */; };
		52C3366819DB640F00286264 /* CoreGraphics.framework in Frameworks */ = {isa = PBXBuildFile; fileRef = 52C3366719DB640F00286264 /* CoreGraphics.framework */; };
		52C3366E19DB641100286264 /* InfoPlist.strings in Resources */ = {isa = PBXBuildFile; fileRef = 52C3366C19DB641100286264 /* InfoPlist.strings */; };
		52C3367019DB641100286264 /* main.m in Sources */ = {isa = PBXBuildFile; fileRef = 52C3366F19DB641100286264 /* main.m */; };
		52C3367419DB641100286264 /* AppDelegate.m in Sources */ = {isa = PBXBuildFile; fileRef = 52C3367319DB641100286264 /* AppDelegate.m */; };
		52C3367619DB641200286264 /* Default.png in Resources */ = {isa = PBXBuildFile; fileRef = 52C3367519DB641200286264 /* Default.png */; };
		52C3367819DB641200286264 /* Default@2x.png in Resources */ = {isa = PBXBuildFile; fileRef = 52C3367719DB641200286264 /* Default@2x.png */; };
		52C3367A19DB641200286264 /* Default-568h@2x.png in Resources */ = {isa = PBXBuildFile; fileRef = 52C3367919DB641200286264 /* Default-568h@2x.png */; };
		52C3367D19DB641200286264 /* NavigationViewController.m in Sources */ = {isa = PBXBuildFile; fileRef = 52C3367C19DB641200286264 /* NavigationViewController.m */; };
		52E5DCA419E0941700DE3EBB /* HTTPFetcher.m in Sources */ = {isa = PBXBuildFile; fileRef = 52E5DCA319E0941700DE3EBB /* HTTPFetcher.m */; settings = {COMPILER_FLAGS = "-fno-objc-arc"; }; };
		52E5DCA719E094CB00DE3EBB /* AsyncHTTPClient.m in Sources */ = {isa = PBXBuildFile; fileRef = 52E5DCA619E094CB00DE3EBB /* AsyncHTTPClient.m */; settings = {COMPILER_FLAGS = "-fno-objc-arc"; }; };
/* End PBXBuildFile section */

/* Begin PBXFileReference section */
		520008B019DBFFE800B4696F /* action_bar_background.png */ = {isa = PBXFileReference; lastKnownFileType = image.png; path = action_bar_background.png; sourceTree = "<group>"; };
		5211E70F19DC058700E0AB41 /* CommonViews.h */ = {isa = PBXFileReference; fileEncoding = 4; lastKnownFileType = sourcecode.c.h; path = CommonViews.h; sourceTree = "<group>"; };
		5211E71019DC058700E0AB41 /* CommonViews.m */ = {isa = PBXFileReference; fileEncoding = 4; lastKnownFileType = sourcecode.c.objc; path = CommonViews.m; sourceTree = "<group>"; };
		5211E71219DC07E300E0AB41 /* Constants.h */ = {isa = PBXFileReference; fileEncoding = 4; lastKnownFileType = sourcecode.c.h; path = Constants.h; sourceTree = "<group>"; };
		5211E71719DC0B1900E0AB41 /* local_songs.json */ = {isa = PBXFileReference; fileEncoding = 4; lastKnownFileType = text.json; path = local_songs.json; sourceTree = "<group>"; };
		5211E71C19DC0BFD00E0AB41 /* Utils.h */ = {isa = PBXFileReference; fileEncoding = 4; lastKnownFileType = sourcecode.c.h; path = Utils.h; sourceTree = "<group>"; };
		5211E71D19DC0BFD00E0AB41 /* Utils.m */ = {isa = PBXFileReference; fileEncoding = 4; lastKnownFileType = sourcecode.c.objc; path = Utils.m; sourceTree = "<group>"; };
		5211E72019DC0CD700E0AB41 /* JSONKit.h */ = {isa = PBXFileReference; fileEncoding = 4; lastKnownFileType = sourcecode.c.h; path = JSONKit.h; sourceTree = "<group>"; };
		5211E72119DC0CD700E0AB41 /* JSONKit.m */ = {isa = PBXFileReference; fileEncoding = 4; lastKnownFileType = sourcecode.c.objc; path = JSONKit.m; sourceTree = "<group>"; };
		5211E72319DC0E2F00E0AB41 /* activity_background.png */ = {isa = PBXFileReference; lastKnownFileType = image.png; path = activity_background.png; sourceTree = "<group>"; };
		5211E72519DC106700E0AB41 /* TPKeyBoardAvoidingScrollView.h */ = {isa = PBXFileReference; fileEncoding = 4; lastKnownFileType = sourcecode.c.h; path = TPKeyBoardAvoidingScrollView.h; sourceTree = "<group>"; };
		5211E72619DC106700E0AB41 /* TPKeyBoardAvoidingScrollView.m */ = {isa = PBXFileReference; fileEncoding = 4; lastKnownFileType = sourcecode.c.objc; path = TPKeyBoardAvoidingScrollView.m; sourceTree = "<group>"; };
		5211E72819DC13E600E0AB41 /* CustomUITextField.h */ = {isa = PBXFileReference; fileEncoding = 4; lastKnownFileType = sourcecode.c.h; path = CustomUITextField.h; sourceTree = "<group>"; };
		5211E72919DC13E700E0AB41 /* CustomUITextField.m */ = {isa = PBXFileReference; fileEncoding = 4; lastKnownFileType = sourcecode.c.objc; path = CustomUITextField.m; sourceTree = "<group>"; };
		5211E72D19DC1CC500E0AB41 /* button_normal.png */ = {isa = PBXFileReference; lastKnownFileType = image.png; path = button_normal.png; sourceTree = "<group>"; };
		5211E72E19DC1CC600E0AB41 /* button_pressed.png */ = {isa = PBXFileReference; lastKnownFileType = image.png; path = button_pressed.png; sourceTree = "<group>"; };
		5211E73419DC245300E0AB41 /* AVFoundation.framework */ = {isa = PBXFileReference; lastKnownFileType = wrapper.framework; name = AVFoundation.framework; path = System/Library/Frameworks/AVFoundation.framework; sourceTree = SDKROOT; };
		5211E73619DC257600E0AB41 /* CoreFoundation.framework */ = {isa = PBXFileReference; lastKnownFileType = wrapper.framework; name = CoreFoundation.framework; path = System/Library/Frameworks/CoreFoundation.framework; sourceTree = SDKROOT; };
		5211E73A19DC324B00E0AB41 /* CoreData.framework */ = {isa = PBXFileReference; lastKnownFileType = wrapper.framework; name = CoreData.framework; path = System/Library/Frameworks/CoreData.framework; sourceTree = SDKROOT; };
		5211E73F19DC393900E0AB41 /* UIScrollView+TPKeyboardAvoidingAdditions.h */ = {isa = PBXFileReference; fileEncoding = 4; lastKnownFileType = sourcecode.c.h; path = "UIScrollView+TPKeyboardAvoidingAdditions.h"; sourceTree = "<group>"; };
		5211E74019DC393A00E0AB41 /* UIScrollView+TPKeyboardAvoidingAdditions.m */ = {isa = PBXFileReference; fileEncoding = 4; lastKnownFileType = sourcecode.c.objc; path = "UIScrollView+TPKeyboardAvoidingAdditions.m"; sourceTree = "<group>"; };
		5211E74319DC48E600E0AB41 /* CustomKeyboard.h */ = {isa = PBXFileReference; fileEncoding = 4; lastKnownFileType = sourcecode.c.h; path = CustomKeyboard.h; sourceTree = "<group>"; };
		5211E74419DC48E600E0AB41 /* CustomKeyboard.m */ = {isa = PBXFileReference; fileEncoding = 4; lastKnownFileType = sourcecode.c.objc; path = CustomKeyboard.m; sourceTree = "<group>"; };
		525985D219DBEC920095EAD3 /* MainViewController.h */ = {isa = PBXFileReference; fileEncoding = 4; lastKnownFileType = sourcecode.c.h; path = MainViewController.h; sourceTree = "<group>"; };
		525985D519DBEDAC0095EAD3 /* MainViewController.m */ = {isa = PBXFileReference; fileEncoding = 4; lastKnownFileType = sourcecode.c.objc; path = MainViewController.m; sourceTree = "<group>"; };
		5266CFD819E11D7300F1FEC8 /* logoImage.png */ = {isa = PBXFileReference; lastKnownFileType = image.png; path = logoImage.png; sourceTree = "<group>"; };
		5266CFDA19E11D9800F1FEC8 /* icon.png */ = {isa = PBXFileReference; lastKnownFileType = image.png; path = icon.png; sourceTree = "<group>"; };
		5266CFDC19E11DA300F1FEC8 /* iconRetina.png */ = {isa = PBXFileReference; lastKnownFileType = image.png; path = iconRetina.png; sourceTree = "<group>"; };
		529B1A3219E093890025037F /* SongsRequestHandler.h */ = {isa = PBXFileReference; fileEncoding = 4; lastKnownFileType = sourcecode.c.h; path = SongsRequestHandler.h; sourceTree = "<group>"; };
		529B1A3319E093890025037F /* SongsRequestHandler.m */ = {isa = PBXFileReference; fileEncoding = 4; lastKnownFileType = sourcecode.c.objc; path = SongsRequestHandler.m; sourceTree = "<group>"; };
		529B547519DC536B00A88282 /* searchIcon.png */ = {isa = PBXFileReference; lastKnownFileType = image.png; path = searchIcon.png; sourceTree = "<group>"; };
		529B547719DC906B00A88282 /* SongViewController.h */ = {isa = PBXFileReference; fileEncoding = 4; lastKnownFileType = sourcecode.c.h; path = SongViewController.h; sourceTree = "<group>"; };
		529B547819DC906C00A88282 /* SongViewController.m */ = {isa = PBXFileReference; fileEncoding = 4; lastKnownFileType = sourcecode.c.objc; path = SongViewController.m; sourceTree = "<group>"; };
		529BA6C619DD29D300DF11E9 /* title_bar_arrow.png */ = {isa = PBXFileReference; lastKnownFileType = image.png; path = title_bar_arrow.png; sourceTree = "<group>"; };
		529BA6C819DD2ACD00DF11E9 /* title_bar_bg.png */ = {isa = PBXFileReference; lastKnownFileType = image.png; path = title_bar_bg.png; sourceTree = "<group>"; };
		529BA6CA19DD4C3500DF11E9 /* pause.png */ = {isa = PBXFileReference; lastKnownFileType = image.png; path = pause.png; sourceTree = "<group>"; };
		529BA6CB19DD4C3600DF11E9 /* play_audio.png */ = {isa = PBXFileReference; lastKnownFileType = image.png; path = play_audio.png; sourceTree = "<group>"; };
		529BA6CC19DD4C3700DF11E9 /* stop.png */ = {isa = PBXFileReference; lastKnownFileType = image.png; path = stop.png; sourceTree = "<group>"; };
		529BA6D219DD573D00DF11E9 /* MBProgressHUD.h */ = {isa = PBXFileReference; fileEncoding = 4; lastKnownFileType = sourcecode.c.h; path = MBProgressHUD.h; sourceTree = "<group>"; };
		529BA6D319DD573E00DF11E9 /* MBProgressHUD.m */ = {isa = PBXFileReference; fileEncoding = 4; lastKnownFileType = sourcecode.c.objc; path = MBProgressHUD.m; sourceTree = "<group>"; };
		529BA6D719DD65CA00DF11E9 /* video.png */ = {isa = PBXFileReference; lastKnownFileType = image.png; path = video.png; sourceTree = "<group>"; };
		529BA6D919DD66E700DF11E9 /* pressed.png */ = {isa = PBXFileReference; lastKnownFileType = image.png; path = pressed.png; sourceTree = "<group>"; };
		529BA6DC19DD6A7900DF11E9 /* song_1.mp3 */ = {isa = PBXFileReference; lastKnownFileType = audio.mp3; path = song_1.mp3; sourceTree = "<group>"; };
		529BA6DE19DD716F00DF11E9 /* song_video_1.mp4 */ = {isa = PBXFileReference; lastKnownFileType = file; path = song_video_1.mp4; sourceTree = "<group>"; };
		529BA6E019DD741200DF11E9 /* MediaPlayer.framework */ = {isa = PBXFileReference; lastKnownFileType = wrapper.framework; name = MediaPlayer.framework; path = System/Library/Frameworks/MediaPlayer.framework; sourceTree = SDKROOT; };
		52C3366019DB640D00286264 /* NyimboZaKristo.app */ = {isa = PBXFileReference; explicitFileType = wrapper.application; includeInIndex = 0; path = NyimboZaKristo.app; sourceTree = BUILT_PRODUCTS_DIR; };
		52C3366319DB640D00286264 /* UIKit.framework */ = {isa = PBXFileReference; lastKnownFileType = wrapper.framework; name = UIKit.framework; path = System/Library/Frameworks/UIKit.framework; sourceTree = SDKROOT; };
		52C3366519DB640F00286264 /* Foundation.framework */ = {isa = PBXFileReference; lastKnownFileType = wrapper.framework; name = Foundation.framework; path = System/Library/Frameworks/Foundation.framework; sourceTree = SDKROOT; };
		52C3366719DB640F00286264 /* CoreGraphics.framework */ = {isa = PBXFileReference; lastKnownFileType = wrapper.framework; name = CoreGraphics.framework; path = System/Library/Frameworks/CoreGraphics.framework; sourceTree = SDKROOT; };
		52C3366B19DB641100286264 /* NyimboZaKristo-Info.plist */ = {isa = PBXFileReference; lastKnownFileType = text.plist.xml; path = "NyimboZaKristo-Info.plist"; sourceTree = "<group>"; };
		52C3366D19DB641100286264 /* en */ = {isa = PBXFileReference; lastKnownFileType = text.plist.strings; name = en; path = en.lproj/InfoPlist.strings; sourceTree = "<group>"; };
		52C3366F19DB641100286264 /* main.m */ = {isa = PBXFileReference; lastKnownFileType = sourcecode.c.objc; path = main.m; sourceTree = "<group>"; };
		52C3367119DB641100286264 /* NyimboZaKristo-Prefix.pch */ = {isa = PBXFileReference; lastKnownFileType = sourcecode.c.h; path = "NyimboZaKristo-Prefix.pch"; sourceTree = "<group>"; };
		52C3367219DB641100286264 /* AppDelegate.h */ = {isa = PBXFileReference; lastKnownFileType = sourcecode.c.h; path = AppDelegate.h; sourceTree = "<group>"; };
		52C3367319DB641100286264 /* AppDelegate.m */ = {isa = PBXFileReference; lastKnownFileType = sourcecode.c.objc; path = AppDelegate.m; sourceTree = "<group>"; };
		52C3367519DB641200286264 /* Default.png */ = {isa = PBXFileReference; lastKnownFileType = image.png; path = Default.png; sourceTree = "<group>"; };
		52C3367719DB641200286264 /* Default@2x.png */ = {isa = PBXFileReference; lastKnownFileType = image.png; path = "Default@2x.png"; sourceTree = "<group>"; };
		52C3367919DB641200286264 /* Default-568h@2x.png */ = {isa = PBXFileReference; lastKnownFileType = image.png; path = "Default-568h@2x.png"; sourceTree = "<group>"; };
		52C3367B19DB641200286264 /* NavigationViewController.h */ = {isa = PBXFileReference; lastKnownFileType = sourcecode.c.h; path = NavigationViewController.h; sourceTree = "<group>"; };
		52C3367C19DB641200286264 /* NavigationViewController.m */ = {isa = PBXFileReference; lastKnownFileType = sourcecode.c.objc; path = NavigationViewController.m; sourceTree = "<group>"; };
		52C3368719DB641600286264 /* SenTestingKit.framework */ = {isa = PBXFileReference; lastKnownFileType = wrapper.framework; name = SenTestingKit.framework; path = Library/Frameworks/SenTestingKit.framework; sourceTree = DEVELOPER_DIR; };
		52C3368F19DB641700286264 /* NyimboZaKristoTests-Info.plist */ = {isa = PBXFileReference; lastKnownFileType = text.plist.xml; path = "NyimboZaKristoTests-Info.plist"; sourceTree = "<group>"; };
		52C3369119DB641700286264 /* en */ = {isa = PBXFileReference; lastKnownFileType = text.plist.strings; name = en; path = en.lproj/InfoPlist.strings; sourceTree = "<group>"; };
		52C3369319DB641700286264 /* NyimboZaKristoTests.h */ = {isa = PBXFileReference; lastKnownFileType = sourcecode.c.h; path = NyimboZaKristoTests.h; sourceTree = "<group>"; };
		52C3369419DB641700286264 /* NyimboZaKristoTests.m */ = {isa = PBXFileReference; lastKnownFileType = sourcecode.c.objc; path = NyimboZaKristoTests.m; sourceTree = "<group>"; };
		52E5DCA219E0941700DE3EBB /* HTTPFetcher.h */ = {isa = PBXFileReference; fileEncoding = 4; lastKnownFileType = sourcecode.c.h; path = HTTPFetcher.h; sourceTree = "<group>"; };
		52E5DCA319E0941700DE3EBB /* HTTPFetcher.m */ = {isa = PBXFileReference; fileEncoding = 4; lastKnownFileType = sourcecode.c.objc; path = HTTPFetcher.m; sourceTree = "<group>"; };
		52E5DCA519E094CB00DE3EBB /* AsyncHTTPClient.h */ = {isa = PBXFileReference; fileEncoding = 4; lastKnownFileType = sourcecode.c.h; path = AsyncHTTPClient.h; sourceTree = "<group>"; };
		52E5DCA619E094CB00DE3EBB /* AsyncHTTPClient.m */ = {isa = PBXFileReference; fileEncoding = 4; lastKnownFileType = sourcecode.c.objc; path = AsyncHTTPClient.m; sourceTree = "<group>"; };
/* End PBXFileReference section */

/* Begin PBXFrameworksBuildPhase section */
		52C3365D19DB640A00286264 /* Frameworks */ = {
			isa = PBXFrameworksBuildPhase;
			buildActionMask = 2147483647;
			files = (
				529BA6E119DD741400DF11E9 /* MediaPlayer.framework in Frameworks */,
				5211E73B19DC324C00E0AB41 /* CoreData.framework in Frameworks */,
				5211E73719DC257600E0AB41 /* CoreFoundation.framework in Frameworks */,
				52C3366419DB640F00286264 /* UIKit.framework in Frameworks */,
				5211E73519DC245400E0AB41 /* AVFoundation.framework in Frameworks */,
				52C3366619DB640F00286264 /* Foundation.framework in Frameworks */,
				52C3366819DB640F00286264 /* CoreGraphics.framework in Frameworks */,
			);
			runOnlyForDeploymentPostprocessing = 0;
		};
/* End PBXFrameworksBuildPhase section */

/* Begin PBXGroup section */
		5211E71919DC0B3500E0AB41 /* resources */ = {
			isa = PBXGroup;
			children = (
				5211E71719DC0B1900E0AB41 /* local_songs.json */,
			);
			name = resources;
			sourceTree = "<group>";
		};
		5211E71A19DC0BAC00E0AB41 /* Utils */ = {
			isa = PBXGroup;
			children = (
				5211E71C19DC0BFD00E0AB41 /* Utils.h */,
				5211E71D19DC0BFD00E0AB41 /* Utils.m */,
			);
			name = Utils;
			sourceTree = "<group>";
		};
		5211E71B19DC0BBE00E0AB41 /* Views */ = {
			isa = PBXGroup;
			children = (
				5211E70F19DC058700E0AB41 /* CommonViews.h */,
				5211E73F19DC393900E0AB41 /* UIScrollView+TPKeyboardAvoidingAdditions.h */,
				5211E74019DC393A00E0AB41 /* UIScrollView+TPKeyboardAvoidingAdditions.m */,
				5211E72519DC106700E0AB41 /* TPKeyBoardAvoidingScrollView.h */,
				5211E72619DC106700E0AB41 /* TPKeyBoardAvoidingScrollView.m */,
				5211E71019DC058700E0AB41 /* CommonViews.m */,
				5211E72819DC13E600E0AB41 /* CustomUITextField.h */,
				5211E72919DC13E700E0AB41 /* CustomUITextField.m */,
			);
			name = Views;
			sourceTree = "<group>";
		};
		5211E71F19DC0CB500E0AB41 /* JsonKit */ = {
			isa = PBXGroup;
			children = (
				5211E72019DC0CD700E0AB41 /* JSONKit.h */,
				5211E72119DC0CD700E0AB41 /* JSONKit.m */,
			);
			name = JsonKit;
			sourceTree = "<group>";
		};
		5211E74219DC48CC00E0AB41 /* Keyboard */ = {
			isa = PBXGroup;
			children = (
				5211E74319DC48E600E0AB41 /* CustomKeyboard.h */,
				5211E74419DC48E600E0AB41 /* CustomKeyboard.m */,
			);
			name = Keyboard;
			sourceTree = "<group>";
		};
		523609D919DDF40B00D98114 /* http */ = {
			isa = PBXGroup;
			children = (
				529B1A3219E093890025037F /* SongsRequestHandler.h */,
				529B1A3319E093890025037F /* SongsRequestHandler.m */,
				52E5DCA219E0941700DE3EBB /* HTTPFetcher.h */,
				52E5DCA319E0941700DE3EBB /* HTTPFetcher.m */,
				52E5DCA519E094CB00DE3EBB /* AsyncHTTPClient.h */,
				52E5DCA619E094CB00DE3EBB /* AsyncHTTPClient.m */,
			);
			name = http;
			sourceTree = "<group>";
		};
		525985D919DBF5EC0095EAD3 /* images */ = {
			isa = PBXGroup;
			children = (
				5211E72D19DC1CC500E0AB41 /* button_normal.png */,
				529B547519DC536B00A88282 /* searchIcon.png */,
				5211E72E19DC1CC600E0AB41 /* button_pressed.png */,
				529BA6C819DD2ACD00DF11E9 /* title_bar_bg.png */,
				529BA6D919DD66E700DF11E9 /* pressed.png */,
				5211E72319DC0E2F00E0AB41 /* activity_background.png */,
				529BA6CA19DD4C3500DF11E9 /* pause.png */,
				5266CFD819E11D7300F1FEC8 /* logoImage.png */,
				529BA6CB19DD4C3600DF11E9 /* play_audio.png */,
				52C3366C19DB641100286264 /* InfoPlist.strings */,
				529BA6CC19DD4C3700DF11E9 /* stop.png */,
				529BA6D719DD65CA00DF11E9 /* video.png */,
				520008B019DBFFE800B4696F /* action_bar_background.png */,
				529BA6C619DD29D300DF11E9 /* title_bar_arrow.png */,
				52C3367719DB641200286264 /* Default@2x.png */,
			);
			name = images;
			sourceTree = "<group>";
		};
		529BA6DB19DD69F500DF11E9 /* clips */ = {
			isa = PBXGroup;
			children = (
				529BA6DE19DD716F00DF11E9 /* song_video_1.mp4 */,
				529BA6DC19DD6A7900DF11E9 /* song_1.mp3 */,
			);
			name = clips;
			sourceTree = "<group>";
		};
		52C3365719DB640500286264 = {
			isa = PBXGroup;
			children = (
				5266CFDC19E11DA300F1FEC8 /* iconRetina.png */,
				5266CFDA19E11D9800F1FEC8 /* icon.png */,
				529BA6E019DD741200DF11E9 /* MediaPlayer.framework */,
				5211E73A19DC324B00E0AB41 /* CoreData.framework */,
				5211E73619DC257600E0AB41 /* CoreFoundation.framework */,
				5211E73419DC245300E0AB41 /* AVFoundation.framework */,
				52C3366919DB641000286264 /* NyimboZaKristo */,
				52C3368D19DB641700286264 /* NyimboZaKristoTests */,
				52C3366219DB640D00286264 /* Frameworks */,
				52C3366119DB640D00286264 /* Products */,
			);
			sourceTree = "<group>";
		};
		52C3366119DB640D00286264 /* Products */ = {
			isa = PBXGroup;
			children = (
				52C3366019DB640D00286264 /* NyimboZaKristo.app */,
			);
			name = Products;
			sourceTree = "<group>";
		};
		52C3366219DB640D00286264 /* Frameworks */ = {
			isa = PBXGroup;
			children = (
				52C3366319DB640D00286264 /* UIKit.framework */,
				52C3366519DB640F00286264 /* Foundation.framework */,
				52C3366719DB640F00286264 /* CoreGraphics.framework */,
				52C3368719DB641600286264 /* SenTestingKit.framework */,
			);
			name = Frameworks;
			sourceTree = "<group>";
		};
		52C3366919DB641000286264 /* NyimboZaKristo */ = {
			isa = PBXGroup;
			children = (
				523609D919DDF40B00D98114 /* http */,
				5211E74219DC48CC00E0AB41 /* Keyboard */,
				5211E71F19DC0CB500E0AB41 /* JsonKit */,
				5211E71B19DC0BBE00E0AB41 /* Views */,
				5211E71A19DC0BAC00E0AB41 /* Utils */,
				52C3366A19DB641100286264 /* Supporting Files */,
				52C3367219DB641100286264 /* AppDelegate.h */,
				52C3367319DB641100286264 /* AppDelegate.m */,
				52C3367B19DB641200286264 /* NavigationViewController.h */,
				52C3367C19DB641200286264 /* NavigationViewController.m */,
				529B547719DC906B00A88282 /* SongViewController.h */,
				529B547819DC906C00A88282 /* SongViewController.m */,
				529BA6D219DD573D00DF11E9 /* MBProgressHUD.h */,
				529BA6D319DD573E00DF11E9 /* MBProgressHUD.m */,
				525985D219DBEC920095EAD3 /* MainViewController.h */,
				525985D519DBEDAC0095EAD3 /* MainViewController.m */,
				5211E71219DC07E300E0AB41 /* Constants.h */,
			);
			path = NyimboZaKristo;
			sourceTree = "<group>";
		};
		52C3366A19DB641100286264 /* Supporting Files */ = {
			isa = PBXGroup;
			children = (
				529BA6DB19DD69F500DF11E9 /* clips */,
				5211E71919DC0B3500E0AB41 /* resources */,
				525985D919DBF5EC0095EAD3 /* images */,
				52C3366B19DB641100286264 /* NyimboZaKristo-Info.plist */,
				52C3366F19DB641100286264 /* main.m */,
				52C3367119DB641100286264 /* NyimboZaKristo-Prefix.pch */,
				52C3367519DB641200286264 /* Default.png */,
				52C3367919DB641200286264 /* Default-568h@2x.png */,
			);
			name = "Supporting Files";
			sourceTree = "<group>";
		};
		52C3368D19DB641700286264 /* NyimboZaKristoTests */ = {
			isa = PBXGroup;
			children = (
				52C3369319DB641700286264 /* NyimboZaKristoTests.h */,
				52C3369419DB641700286264 /* NyimboZaKristoTests.m */,
				52C3368E19DB641700286264 /* Supporting Files */,
			);
			path = NyimboZaKristoTests;
			sourceTree = "<group>";
		};
		52C3368E19DB641700286264 /* Supporting Files */ = {
			isa = PBXGroup;
			children = (
				52C3368F19DB641700286264 /* NyimboZaKristoTests-Info.plist */,
				52C3369019DB641700286264 /* InfoPlist.strings */,
			);
			name = "Supporting Files";
			sourceTree = "<group>";
		};
/* End PBXGroup section */

/* Begin PBXNativeTarget section */
		52C3365F19DB640A00286264 /* NyimboZaKristo */ = {
			isa = PBXNativeTarget;
			buildConfigurationList = 52C3369819DB641800286264 /* Build configuration list for PBXNativeTarget "NyimboZaKristo" */;
			buildPhases = (
				52C3365C19DB640A00286264 /* Sources */,
				52C3365D19DB640A00286264 /* Frameworks */,
				52C3365E19DB640A00286264 /* Resources */,
			);
			buildRules = (
			);
			dependencies = (
			);
			name = NyimboZaKristo;
			productName = NyimboZaKristo;
			productReference = 52C3366019DB640D00286264 /* NyimboZaKristo.app */;
			productType = "com.apple.product-type.application";
		};
/* End PBXNativeTarget section */

/* Begin PBXProject section */
		52C3365819DB640500286264 /* Project object */ = {
			isa = PBXProject;
			attributes = {
				LastUpgradeCheck = 0460;
				ORGANIZATIONNAME = Nelson;
			};
			buildConfigurationList = 52C3365B19DB640500286264 /* Build configuration list for PBXProject "NyimboZaKristo" */;
			compatibilityVersion = "Xcode 3.2";
			developmentRegion = English;
			hasScannedForEncodings = 0;
			knownRegions = (
				en,
			);
			mainGroup = 52C3365719DB640500286264;
			productRefGroup = 52C3366119DB640D00286264 /* Products */;
			projectDirPath = "";
			projectRoot = "";
			targets = (
				52C3365F19DB640A00286264 /* NyimboZaKristo */,
			);
		};
/* End PBXProject section */

/* Begin PBXResourcesBuildPhase section */
		52C3365E19DB640A00286264 /* Resources */ = {
			isa = PBXResourcesBuildPhase;
			buildActionMask = 2147483647;
			files = (
				52C3366E19DB641100286264 /* InfoPlist.strings in Resources */,
				52C3367619DB641200286264 /* Default.png in Resources */,
				52C3367819DB641200286264 /* Default@2x.png in Resources */,
				52C3367A19DB641200286264 /* Default-568h@2x.png in Resources */,
				520008B119DBFFE800B4696F /* action_bar_background.png in Resources */,
				5211E71819DC0B1900E0AB41 /* local_songs.json in Resources */,
				5211E72419DC0E2F00E0AB41 /* activity_background.png in Resources */,
				5211E72F19DC1CC600E0AB41 /* button_normal.png in Resources */,
				5211E73019DC1CC600E0AB41 /* button_pressed.png in Resources */,
				529B547619DC536B00A88282 /* searchIcon.png in Resources */,
				529BA6C719DD29D300DF11E9 /* title_bar_arrow.png in Resources */,
				529BA6C919DD2ACD00DF11E9 /* title_bar_bg.png in Resources */,
				529BA6CD19DD4C3900DF11E9 /* pause.png in Resources */,
				529BA6CE19DD4C3900DF11E9 /* play_audio.png in Resources */,
				529BA6CF19DD4C3900DF11E9 /* stop.png in Resources */,
				529BA6D819DD65CB00DF11E9 /* video.png in Resources */,
				529BA6DA19DD66E800DF11E9 /* pressed.png in Resources */,
				529BA6DD19DD6A7900DF11E9 /* song_1.mp3 in Resources */,
				529BA6DF19DD716F00DF11E9 /* song_video_1.mp4 in Resources */,
				5266CFD919E11D7300F1FEC8 /* logoImage.png in Resources */,
				5266CFDB19E11D9800F1FEC8 /* icon.png in Resources */,
				5266CFDD19E11DA300F1FEC8 /* iconRetina.png in Resources */,
			);
			runOnlyForDeploymentPostprocessing = 0;
		};
/* End PBXResourcesBuildPhase section */

/* Begin PBXSourcesBuildPhase section */
		52C3365C19DB640A00286264 /* Sources */ = {
			isa = PBXSourcesBuildPhase;
			buildActionMask = 2147483647;
			files = (
				5211E73E19DC37B200E0AB41 /* TPKeyBoardAvoidingScrollView.m in Sources */,
				5211E73D19DC34EC00E0AB41 /* JSONKit.m in Sources */,
				52C3367019DB641100286264 /* main.m in Sources */,
				52C3367419DB641100286264 /* AppDelegate.m in Sources */,
				52C3367D19DB641200286264 /* NavigationViewController.m in Sources */,
				525985D619DBEDAD0095EAD3 /* MainViewController.m in Sources */,
				5211E71119DC058700E0AB41 /* CommonViews.m in Sources */,
				5211E71E19DC0BFD00E0AB41 /* Utils.m in Sources */,
				5211E72A19DC13E700E0AB41 /* CustomUITextField.m in Sources */,
				5211E74119DC393B00E0AB41 /* UIScrollView+TPKeyboardAvoidingAdditions.m in Sources */,
				5211E74519DC48E600E0AB41 /* CustomKeyboard.m in Sources */,
				529B547919DC906D00A88282 /* SongViewController.m in Sources */,
				529BA6D419DD573F00DF11E9 /* MBProgressHUD.m in Sources */,
				529B1A3419E093890025037F /* SongsRequestHandler.m in Sources */,
				52E5DCA419E0941700DE3EBB /* HTTPFetcher.m in Sources */,
				52E5DCA719E094CB00DE3EBB /* AsyncHTTPClient.m in Sources */,
			);
			runOnlyForDeploymentPostprocessing = 0;
		};
/* End PBXSourcesBuildPhase section */

/* Begin PBXVariantGroup section */
		52C3366C19DB641100286264 /* InfoPlist.strings */ = {
			isa = PBXVariantGroup;
			children = (
				52C3366D19DB641100286264 /* en */,
			);
			name = InfoPlist.strings;
			sourceTree = "<group>";
		};
		52C3369019DB641700286264 /* InfoPlist.strings */ = {
			isa = PBXVariantGroup;
			children = (
				52C3369119DB641700286264 /* en */,
			);
			name = InfoPlist.strings;
			sourceTree = "<group>";
		};
/* End PBXVariantGroup section */

/* Begin XCBuildConfiguration section */
		52C3369619DB641700286264 /* Debug */ = {
			isa = XCBuildConfiguration;
			buildSettings = {
				ALWAYS_SEARCH_USER_PATHS = NO;
				CLANG_CXX_LANGUAGE_STANDARD = "gnu++0x";
				CLANG_CXX_LIBRARY = "libc++";
				CLANG_ENABLE_OBJC_ARC = YES;
				CLANG_WARN_CONSTANT_CONVERSION = YES;
				CLANG_WARN_EMPTY_BODY = YES;
				CLANG_WARN_ENUM_CONVERSION = YES;
				CLANG_WARN_INT_CONVERSION = YES;
				CLANG_WARN__DUPLICATE_METHOD_MATCH = YES;
				"CODE_SIGN_IDENTITY[sdk=iphoneos*]" = "iPhone Developer";
				COPY_PHASE_STRIP = NO;
				GCC_C_LANGUAGE_STANDARD = gnu99;
				GCC_DYNAMIC_NO_PIC = NO;
				GCC_OPTIMIZATION_LEVEL = 0;
				GCC_PREPROCESSOR_DEFINITIONS = (
					"DEBUG=1",
					"$(inherited)",
				);
				GCC_SYMBOLS_PRIVATE_EXTERN = NO;
				GCC_WARN_ABOUT_RETURN_TYPE = YES;
				GCC_WARN_UNINITIALIZED_AUTOS = YES;
				GCC_WARN_UNUSED_VARIABLE = YES;
				IPHONEOS_DEPLOYMENT_TARGET = 4.3;
				ONLY_ACTIVE_ARCH = YES;
				SDKROOT = iphoneos;
			};
			name = Debug;
		};
		52C3369719DB641700286264 /* Release */ = {
			isa = XCBuildConfiguration;
			buildSettings = {
				ALWAYS_SEARCH_USER_PATHS = NO;
				CLANG_CXX_LANGUAGE_STANDARD = "gnu++0x";
				CLANG_CXX_LIBRARY = "libc++";
				CLANG_ENABLE_OBJC_ARC = YES;
				CLANG_WARN_CONSTANT_CONVERSION = YES;
				CLANG_WARN_EMPTY_BODY = YES;
				CLANG_WARN_ENUM_CONVERSION = YES;
				CLANG_WARN_INT_CONVERSION = YES;
				CLANG_WARN__DUPLICATE_METHOD_MATCH = YES;
				"CODE_SIGN_IDENTITY[sdk=iphoneos*]" = "iPhone Developer";
				COPY_PHASE_STRIP = YES;
				GCC_C_LANGUAGE_STANDARD = gnu99;
				GCC_WARN_ABOUT_RETURN_TYPE = YES;
				GCC_WARN_UNINITIALIZED_AUTOS = YES;
				GCC_WARN_UNUSED_VARIABLE = YES;
				IPHONEOS_DEPLOYMENT_TARGET = 4.3;
				OTHER_CFLAGS = "-DNS_BLOCK_ASSERTIONS=1";
				SDKROOT = iphoneos;
				VALIDATE_PRODUCT = YES;
			};
			name = Release;
		};
		52C3369919DB641800286264 /* Debug */ = {
			isa = XCBuildConfiguration;
			buildSettings = {
				GCC_PRECOMPILE_PREFIX_HEADER = YES;
				GCC_PREFIX_HEADER = "NyimboZaKristo/NyimboZaKristo-Prefix.pch";
				INFOPLIST_FILE = "NyimboZaKristo/NyimboZaKristo-Info.plist";
				IPHONEOS_DEPLOYMENT_TARGET = 4.3;
				PRODUCT_NAME = "$(TARGET_NAME)";
				WRAPPER_EXTENSION = app;
			};
			name = Debug;
		};
		52C3369A19DB641800286264 /* Release */ = {
			isa = XCBuildConfiguration;
			buildSettings = {
				GCC_PRECOMPILE_PREFIX_HEADER = YES;
				GCC_PREFIX_HEADER = "NyimboZaKristo/NyimboZaKristo-Prefix.pch";
				INFOPLIST_FILE = "NyimboZaKristo/NyimboZaKristo-Info.plist";
				IPHONEOS_DEPLOYMENT_TARGET = 4.3;
				PRODUCT_NAME = "$(TARGET_NAME)";
				WRAPPER_EXTENSION = app;
			};
			name = Release;
		};
/* End XCBuildConfiguration section */

/* Begin XCConfigurationList section */
		52C3365B19DB640500286264 /* Build configuration list for PBXProject "NyimboZaKristo" */ = {
			isa = XCConfigurationList;
			buildConfigurations = (
				52C3369619DB641700286264 /* Debug */,
				52C3369719DB641700286264 /* Release */,
			);
			defaultConfigurationIsVisible = 0;
			defaultConfigurationName = Release;
		};
		52C3369819DB641800286264 /* Build configuration list for PBXNativeTarget "NyimboZaKristo" */ = {
			isa = XCConfigurationList;
			buildConfigurations = (
				52C3369919DB641800286264 /* Debug */,
				52C3369A19DB641800286264 /* Release */,
			);
			defaultConfigurationIsVisible = 0;
			defaultConfigurationName = Release;
		};
/* End XCConfigurationList section */
	};
	rootObject = 52C3365819DB640500286264 /* Project object */;
}
